
Microsoft Visual Studio Solution File, Format Version 12.00
# Visual Studio 15
VisualStudioVersion = 15.0.28010.2041
MinimumVisualStudioVersion = 10.0.40219.1
Project("{2150E333-8FDC-42A3-9474-1A3956D46DE8}") = "1 - Presentantion", "1 - Presentantion", "{698FC45C-301D-4264-9D6F-C32A679923D8}"
EndProject
Project("{2150E333-8FDC-42A3-9474-1A3956D46DE8}") = "2 - Application", "2 - Application", "{F675CCB9-95B4-4D78-9170-B29B2E9FFA2B}"
EndProject
Project("{2150E333-8FDC-42A3-9474-1A3956D46DE8}") = "3 - Domain", "3 - Domain", "{E339927A-C34B-4906-96B1-229FAC7312C5}"
EndProject
Project("{2150E333-8FDC-42A3-9474-1A3956D46DE8}") = "4 - Infrastructure", "4 - Infrastructure", "{FC6DD37A-9352-40B1-AC7F-EE236D453FA0}"
EndProject
Project("{9A19103F-16F7-4668-BE54-9A1E7A4F7556}") = "Horticon.Core", "Horticon.Core\Horticon.Core.csproj", "{81862891-2ED5-40AD-8072-0AB4C629A2AF}"
EndProject
Project("{9A19103F-16F7-4668-BE54-9A1E7A4F7556}") = "Horticon.Service", "Horticon.Service\Horticon.Service.csproj", "{160E23CF-BD19-4ADD-A115-54F72CCDCAA6}"
EndProject
Project("{9A19103F-16F7-4668-BE54-9A1E7A4F7556}") = "Horticon.Data", "Horticon.Data\Horticon.Data.csproj", "{6F444A8B-3622-4DE4-98AE-FACEFF87FC4E}"
EndProject
Project("{FAE04EC0-301F-11D3-BF4B-00C04F79EFBC}") = "Api", "Api\Api.csproj", "{FE2818F5-BE34-40FE-A611-B7D98C928EC4}"
EndProject
Global
	GlobalSection(SolutionConfigurationPlatforms) = preSolution
		Debug|Any CPU = Debug|Any CPU
		Release|Any CPU = Release|Any CPU
	EndGlobalSection
	GlobalSection(ProjectConfigurationPlatforms) = postSolution
		{81862891-2ED5-40AD-8072-0AB4C629A2AF}.Debug|Any CPU.ActiveCfg = Debug|Any CPU
		{81862891-2ED5-40AD-8072-0AB4C629A2AF}.Debug|Any CPU.Build.0 = Debug|Any CPU
		{81862891-2ED5-40AD-8072-0AB4C629A2AF}.Release|Any CPU.ActiveCfg = Release|Any CPU
		{81862891-2ED5-40AD-8072-0AB4C629A2AF}.Release|Any CPU.Build.0 = Release|Any CPU
		{160E23CF-BD19-4ADD-A115-54F72CCDCAA6}.Debug|Any CPU.ActiveCfg = Debug|Any CPU
		{160E23CF-BD19-4ADD-A115-54F72CCDCAA6}.Debug|Any CPU.Build.0 = Debug|Any CPU
		{160E23CF-BD19-4ADD-A115-54F72CCDCAA6}.Release|Any CPU.ActiveCfg = Release|Any CPU
		{160E23CF-BD19-4ADD-A115-54F72CCDCAA6}.Release|Any CPU.Build.0 = Release|Any CPU
		{6F444A8B-3622-4DE4-98AE-FACEFF87FC4E}.Debug|Any CPU.ActiveCfg = Debug|Any CPU
		{6F444A8B-3622-4DE4-98AE-FACEFF87FC4E}.Debug|Any CPU.Build.0 = Debug|Any CPU
		{6F444A8B-3622-4DE4-98AE-FACEFF87FC4E}.Release|Any CPU.ActiveCfg = Release|Any CPU
		{6F444A8B-3622-4DE4-98AE-FACEFF87FC4E}.Release|Any CPU.Build.0 = Release|Any CPU
		{FE2818F5-BE34-40FE-A611-B7D98C928EC4}.Debug|Any CPU.ActiveCfg = Debug|Any CPU
		{FE2818F5-BE34-40FE-A611-B7D98C928EC4}.Debug|Any CPU.Build.0 = Debug|Any CPU
		{FE2818F5-BE34-40FE-A611-B7D98C928EC4}.Release|Any CPU.ActiveCfg = Release|Any CPU
		{FE2818F5-BE34-40FE-A611-B7D98C928EC4}.Release|Any CPU.Build.0 = Release|Any CPU
	EndGlobalSection
	GlobalSection(SolutionProperties) = preSolution
		HideSolutionNode = FALSE
	EndGlobalSection
	GlobalSection(NestedProjects) = preSolution
		{81862891-2ED5-40AD-8072-0AB4C629A2AF} = {E339927A-C34B-4906-96B1-229FAC7312C5}
		{160E23CF-BD19-4ADD-A115-54F72CCDCAA6} = {F675CCB9-95B4-4D78-9170-B29B2E9FFA2B}
		{6F444A8B-3622-4DE4-98AE-FACEFF87FC4E} = {FC6DD37A-9352-40B1-AC7F-EE236D453FA0}
		{FE2818F5-BE34-40FE-A611-B7D98C928EC4} = {698FC45C-301D-4264-9D6F-C32A679923D8}
	EndGlobalSection
	GlobalSection(ExtensibilityGlobals) = postSolution
		SolutionGuid = {590C0A26-3030-405D-A599-A0296568EF31}
	EndGlobalSection
EndGlobal
